
Microsoft Visual Studio Solution File, Format Version 12.00
# Visual Studio 15
Project("{FAE04EC0-301F-11D3-BF4B-00C04F79EFBC}") = "kalkis", "kalkis\kalkis.csproj", "{D38A00C7-6D1F-4E66-8DC4-F01C17A35174}"
EndProject
Global
	GlobalSection(SolutionConfigurationPlatforms) = preSolution
		Debug|Any CPU = Debug|Any CPU
		Release|Any CPU = Release|Any CPU
	EndGlobalSection
	GlobalSection(ProjectConfigurationPlatforms) = postSolution
		{D38A00C7-6D1F-4E66-8DC4-F01C17A35174}.Debug|Any CPU.ActiveCfg = Debug|Any CPU
		{D38A00C7-6D1F-4E66-8DC4-F01C17A35174}.Debug|Any CPU.Build.0 = Debug|Any CPU
		{D38A00C7-6D1F-4E66-8DC4-F01C17A35174}.Release|Any CPU.ActiveCfg = Release|Any CPU
		{D38A00C7-6D1F-4E66-8DC4-F01C17A35174}.Release|Any CPU.Build.0 = Release|Any CPU
	EndGlobalSection
EndGlobal
